
Microsoft Visual Studio Solution File, Format Version 12.00
# Visual Studio Version 17
VisualStudioVersion = 17.2.32630.192
MinimumVisualStudioVersion = 10.0.40219.1
Project("{FAE04EC0-301F-11D3-BF4B-00C04F79EFBC}") = "core", "core\core.csproj", "{564C7B8B-98AE-4256-86C1-61722960DB7B}"
EndProject
Global
	GlobalSection(SolutionConfigurationPlatforms) = preSolution
		Debug|Any CPU = Debug|Any CPU
		Release|Any CPU = Release|Any CPU
	EndGlobalSection
	GlobalSection(ProjectConfigurationPlatforms) = postSolution
		{564C7B8B-98AE-4256-86C1-61722960DB7B}.Debug|Any CPU.ActiveCfg = Debug|Any CPU
		{564C7B8B-98AE-4256-86C1-61722960DB7B}.Debug|Any CPU.Build.0 = Debug|Any CPU
		{564C7B8B-98AE-4256-86C1-61722960DB7B}.Release|Any CPU.ActiveCfg = Release|Any CPU
		{564C7B8B-98AE-4256-86C1-61722960DB7B}.Release|Any CPU.Build.0 = Release|Any CPU
	EndGlobalSection
	GlobalSection(SolutionProperties) = preSolution
		HideSolutionNode = FALSE
	EndGlobalSection
	GlobalSection(ExtensibilityGlobals) = postSolution
		SolutionGuid = {62973916-19E1-4199-B17B-73445D73D311}
	EndGlobalSection
EndGlobal
